
Microsoft Visual Studio Solution File, Format Version 12.00
# Visual Studio Version 17
VisualStudioVersion = 17.9.34714.143
MinimumVisualStudioVersion = 10.0.40219.1
Project("{9A19103F-16F7-4668-BE54-9A1E7A4F7556}") = "MyBlogsApp", "MyBlogsApp\MyBlogsApp.csproj", "{BDA64C16-D789-48EC-9918-76144D6143E3}"
EndProject
Project("{E53339B2-1760-4266-BCC7-CA923CBCF16C}") = "docker-compose", "docker-compose.dcproj", "{593CE6D1-3987-47D0-8E11-193C1E292C9E}"
EndProject
Project("{9A19103F-16F7-4668-BE54-9A1E7A4F7556}") = "MyBlogsApp.Tests", "MyBlogsApp.Tests\MyBlogsApp.Tests.csproj", "{389A4387-C5E8-4B64-9678-F57C3A0716A9}"
EndProject
Global
	GlobalSection(SolutionConfigurationPlatforms) = preSolution
		Debug|Any CPU = Debug|Any CPU
		Release|Any CPU = Release|Any CPU
	EndGlobalSection
	GlobalSection(ProjectConfigurationPlatforms) = postSolution
		{BDA64C16-D789-48EC-9918-76144D6143E3}.Debug|Any CPU.ActiveCfg = Debug|Any CPU
		{BDA64C16-D789-48EC-9918-76144D6143E3}.Debug|Any CPU.Build.0 = Debug|Any CPU
		{BDA64C16-D789-48EC-9918-76144D6143E3}.Release|Any CPU.ActiveCfg = Release|Any CPU
		{BDA64C16-D789-48EC-9918-76144D6143E3}.Release|Any CPU.Build.0 = Release|Any CPU
		{593CE6D1-3987-47D0-8E11-193C1E292C9E}.Debug|Any CPU.ActiveCfg = Debug|Any CPU
		{593CE6D1-3987-47D0-8E11-193C1E292C9E}.Debug|Any CPU.Build.0 = Debug|Any CPU
		{593CE6D1-3987-47D0-8E11-193C1E292C9E}.Release|Any CPU.ActiveCfg = Release|Any CPU
		{593CE6D1-3987-47D0-8E11-193C1E292C9E}.Release|Any CPU.Build.0 = Release|Any CPU
		{389A4387-C5E8-4B64-9678-F57C3A0716A9}.Debug|Any CPU.ActiveCfg = Debug|Any CPU
		{389A4387-C5E8-4B64-9678-F57C3A0716A9}.Debug|Any CPU.Build.0 = Debug|Any CPU
		{389A4387-C5E8-4B64-9678-F57C3A0716A9}.Release|Any CPU.ActiveCfg = Release|Any CPU
		{389A4387-C5E8-4B64-9678-F57C3A0716A9}.Release|Any CPU.Build.0 = Release|Any CPU
	EndGlobalSection
	GlobalSection(SolutionProperties) = preSolution
		HideSolutionNode = FALSE
	EndGlobalSection
	GlobalSection(ExtensibilityGlobals) = postSolution
		SolutionGuid = {9A8DE02A-8BF0-4C8B-855D-8DB7AC599A1A}
	EndGlobalSection
EndGlobal
